
Microsoft Visual Studio Solution File, Format Version 12.00
# Visual Studio Version 17
VisualStudioVersion = 17.5.33516.290
MinimumVisualStudioVersion = 10.0.40219.1
Project("{9A19103F-16F7-4668-BE54-9A1E7A4F7556}") = "DomainDrivenWebApi", "DomainDrivenWebApi\DomainDrivenWebApi.csproj", "{A9203C24-1042-4FB0-B7C0-A177DA0F5231}"
EndProject
Project("{9A19103F-16F7-4668-BE54-9A1E7A4F7556}") = "Domain.Common", "Domain.Common\Domain.Common.csproj", "{E1EE608D-DCD1-4AB0-98DE-125606EA506E}"
EndProject
Project("{9A19103F-16F7-4668-BE54-9A1E7A4F7556}") = "Domain.Common.Interface", "Domain.Common.Interface\Domain.Common.Interface.csproj", "{A5BB3A03-FCE7-433E-811D-CA87DE81F8B7}"
EndProject
Project("{2150E333-8FDC-42A3-9474-1A3956D46DE8}") = "Tests", "Tests", "{E9D13304-EE9F-4A8A-B834-D26AA3B1B869}"
EndProject
Project("{9A19103F-16F7-4668-BE54-9A1E7A4F7556}") = "Domain.Tests", "Domain.Tests\Domain.Tests.csproj", "{37EBB429-B2D2-4247-9FE1-4DC0F9A74289}"
EndProject
Project("{9A19103F-16F7-4668-BE54-9A1E7A4F7556}") = "Application.Common.Interface", "Application.Common.Interface\Application.Common.Interface.csproj", "{43096577-63D1-4649-AE25-0A59E1488083}"
EndProject
Project("{9A19103F-16F7-4668-BE54-9A1E7A4F7556}") = "Person.Domain", "Person.Domain\Person.Domain.csproj", "{99AB5D72-56B2-44E2-B1CC-6CBD47035B14}"
EndProject
Project("{9A19103F-16F7-4668-BE54-9A1E7A4F7556}") = "Person.Application", "Person.Application\Person.Application.csproj", "{EFAA6A5C-E445-46B0-A6B6-0CB6DEF40EB6}"
EndProject
Project("{9A19103F-16F7-4668-BE54-9A1E7A4F7556}") = "Person.Models", "Person.Models\Person.Models.csproj", "{EEC9F616-4DB8-4AFB-9CF3-CE5FCFCDE22B}"
EndProject
Project("{FAE04EC0-301F-11D3-BF4B-00C04F79EFBC}") = "SensorData.Domain", "SensorData.Domain\SensorData.Domain.csproj", "{0FE906BA-988F-44F4-89A1-A3BCE30D20C8}"
EndProject
Global
	GlobalSection(SolutionConfigurationPlatforms) = preSolution
		Debug|Any CPU = Debug|Any CPU
		Release|Any CPU = Release|Any CPU
	EndGlobalSection
	GlobalSection(ProjectConfigurationPlatforms) = postSolution
		{A9203C24-1042-4FB0-B7C0-A177DA0F5231}.Debug|Any CPU.ActiveCfg = Debug|Any CPU
		{A9203C24-1042-4FB0-B7C0-A177DA0F5231}.Debug|Any CPU.Build.0 = Debug|Any CPU
		{A9203C24-1042-4FB0-B7C0-A177DA0F5231}.Release|Any CPU.ActiveCfg = Release|Any CPU
		{A9203C24-1042-4FB0-B7C0-A177DA0F5231}.Release|Any CPU.Build.0 = Release|Any CPU
		{E1EE608D-DCD1-4AB0-98DE-125606EA506E}.Debug|Any CPU.ActiveCfg = Debug|Any CPU
		{E1EE608D-DCD1-4AB0-98DE-125606EA506E}.Debug|Any CPU.Build.0 = Debug|Any CPU
		{E1EE608D-DCD1-4AB0-98DE-125606EA506E}.Release|Any CPU.ActiveCfg = Release|Any CPU
		{E1EE608D-DCD1-4AB0-98DE-125606EA506E}.Release|Any CPU.Build.0 = Release|Any CPU
		{A5BB3A03-FCE7-433E-811D-CA87DE81F8B7}.Debug|Any CPU.ActiveCfg = Debug|Any CPU
		{A5BB3A03-FCE7-433E-811D-CA87DE81F8B7}.Debug|Any CPU.Build.0 = Debug|Any CPU
		{A5BB3A03-FCE7-433E-811D-CA87DE81F8B7}.Release|Any CPU.ActiveCfg = Release|Any CPU
		{A5BB3A03-FCE7-433E-811D-CA87DE81F8B7}.Release|Any CPU.Build.0 = Release|Any CPU
		{37EBB429-B2D2-4247-9FE1-4DC0F9A74289}.Debug|Any CPU.ActiveCfg = Debug|Any CPU
		{37EBB429-B2D2-4247-9FE1-4DC0F9A74289}.Debug|Any CPU.Build.0 = Debug|Any CPU
		{37EBB429-B2D2-4247-9FE1-4DC0F9A74289}.Release|Any CPU.ActiveCfg = Release|Any CPU
		{37EBB429-B2D2-4247-9FE1-4DC0F9A74289}.Release|Any CPU.Build.0 = Release|Any CPU
		{43096577-63D1-4649-AE25-0A59E1488083}.Debug|Any CPU.ActiveCfg = Debug|Any CPU
		{43096577-63D1-4649-AE25-0A59E1488083}.Debug|Any CPU.Build.0 = Debug|Any CPU
		{43096577-63D1-4649-AE25-0A59E1488083}.Release|Any CPU.ActiveCfg = Release|Any CPU
		{43096577-63D1-4649-AE25-0A59E1488083}.Release|Any CPU.Build.0 = Release|Any CPU
		{99AB5D72-56B2-44E2-B1CC-6CBD47035B14}.Debug|Any CPU.ActiveCfg = Debug|Any CPU
		{99AB5D72-56B2-44E2-B1CC-6CBD47035B14}.Debug|Any CPU.Build.0 = Debug|Any CPU
		{99AB5D72-56B2-44E2-B1CC-6CBD47035B14}.Release|Any CPU.ActiveCfg = Release|Any CPU
		{99AB5D72-56B2-44E2-B1CC-6CBD47035B14}.Release|Any CPU.Build.0 = Release|Any CPU
		{EFAA6A5C-E445-46B0-A6B6-0CB6DEF40EB6}.Debug|Any CPU.ActiveCfg = Debug|Any CPU
		{EFAA6A5C-E445-46B0-A6B6-0CB6DEF40EB6}.Debug|Any CPU.Build.0 = Debug|Any CPU
		{EFAA6A5C-E445-46B0-A6B6-0CB6DEF40EB6}.Release|Any CPU.ActiveCfg = Release|Any CPU
		{EFAA6A5C-E445-46B0-A6B6-0CB6DEF40EB6}.Release|Any CPU.Build.0 = Release|Any CPU
		{EEC9F616-4DB8-4AFB-9CF3-CE5FCFCDE22B}.Debug|Any CPU.ActiveCfg = Debug|Any CPU
		{EEC9F616-4DB8-4AFB-9CF3-CE5FCFCDE22B}.Debug|Any CPU.Build.0 = Debug|Any CPU
		{EEC9F616-4DB8-4AFB-9CF3-CE5FCFCDE22B}.Release|Any CPU.ActiveCfg = Release|Any CPU
		{EEC9F616-4DB8-4AFB-9CF3-CE5FCFCDE22B}.Release|Any CPU.Build.0 = Release|Any CPU
		{0FE906BA-988F-44F4-89A1-A3BCE30D20C8}.Debug|Any CPU.ActiveCfg = Debug|Any CPU
		{0FE906BA-988F-44F4-89A1-A3BCE30D20C8}.Debug|Any CPU.Build.0 = Debug|Any CPU
		{0FE906BA-988F-44F4-89A1-A3BCE30D20C8}.Release|Any CPU.ActiveCfg = Release|Any CPU
		{0FE906BA-988F-44F4-89A1-A3BCE30D20C8}.Release|Any CPU.Build.0 = Release|Any CPU
	EndGlobalSection
	GlobalSection(SolutionProperties) = preSolution
		HideSolutionNode = FALSE
	EndGlobalSection
	GlobalSection(NestedProjects) = preSolution
		{37EBB429-B2D2-4247-9FE1-4DC0F9A74289} = {E9D13304-EE9F-4A8A-B834-D26AA3B1B869}
	EndGlobalSection
	GlobalSection(ExtensibilityGlobals) = postSolution
		SolutionGuid = {B37F9EF7-AEEA-4007-8225-D26BCA5ED53C}
	EndGlobalSection
EndGlobal
